
Microsoft Visual Studio Solution File, Format Version 12.00
# Visual Studio Version 16
VisualStudioVersion = 16.0.31112.23
MinimumVisualStudioVersion = 10.0.40219.1
Project("{FAE04EC0-301F-11D3-BF4B-00C04F79EFBC}") = "labInterfaces", "labInterfaces\labInterfaces.csproj", "{EBF8AB02-2D1F-495C-81DE-97BA5ED1B571}"
EndProject
Global
	GlobalSection(SolutionConfigurationPlatforms) = preSolution
		Debug|Any CPU = Debug|Any CPU
		Release|Any CPU = Release|Any CPU
	EndGlobalSection
	GlobalSection(ProjectConfigurationPlatforms) = postSolution
		{EBF8AB02-2D1F-495C-81DE-97BA5ED1B571}.Debug|Any CPU.ActiveCfg = Debug|Any CPU
		{EBF8AB02-2D1F-495C-81DE-97BA5ED1B571}.Debug|Any CPU.Build.0 = Debug|Any CPU
		{EBF8AB02-2D1F-495C-81DE-97BA5ED1B571}.Release|Any CPU.ActiveCfg = Release|Any CPU
		{EBF8AB02-2D1F-495C-81DE-97BA5ED1B571}.Release|Any CPU.Build.0 = Release|Any CPU
	EndGlobalSection
	GlobalSection(SolutionProperties) = preSolution
		HideSolutionNode = FALSE
	EndGlobalSection
	GlobalSection(ExtensibilityGlobals) = postSolution
		SolutionGuid = {999C13F4-6D3A-46B6-8CDD-21E62372524F}
	EndGlobalSection
EndGlobal
